
Microsoft Visual Studio Solution File, Format Version 9.00
# Visual Studio 2005
Project("{FAE04EC0-301F-11D3-BF4B-00C04F79EFBC}") = "hokkaido", "hokkaido.csproj", "{01AB135A-8C82-4A2C-B5D7-5B534AB518E5}"
EndProject
Global
	GlobalSection(SolutionConfigurationPlatforms) = preSolution
		Debug|Any CPU = Debug|Any CPU
		Release|Any CPU = Release|Any CPU
	EndGlobalSection
	GlobalSection(ProjectConfigurationPlatforms) = postSolution
		{01AB135A-8C82-4A2C-B5D7-5B534AB518E5}.Debug|Any CPU.ActiveCfg = Debug|Any CPU
		{01AB135A-8C82-4A2C-B5D7-5B534AB518E5}.Debug|Any CPU.Build.0 = Debug|Any CPU
		{01AB135A-8C82-4A2C-B5D7-5B534AB518E5}.Release|Any CPU.ActiveCfg = Release|Any CPU
		{01AB135A-8C82-4A2C-B5D7-5B534AB518E5}.Release|Any CPU.Build.0 = Release|Any CPU
	EndGlobalSection
	GlobalSection(SolutionProperties) = preSolution
		HideSolutionNode = FALSE
	EndGlobalSection
EndGlobal
